
Microsoft Visual Studio Solution File, Format Version 12.00
# Visual Studio 14
VisualStudioVersion = 14.0.23107.0
MinimumVisualStudioVersion = 10.0.40219.1
Project("{FAE04EC0-301F-11D3-BF4B-00C04F79EFBC}") = "ACT Log Extractor", "ACT Log Extractor\ACT Log Extractor.csproj", "{DFB5C587-B6E2-4CF5-A382-8ACCA59FCB01}"
EndProject
Global
	GlobalSection(SolutionConfigurationPlatforms) = preSolution
		Debug|Any CPU = Debug|Any CPU
		Release|Any CPU = Release|Any CPU
	EndGlobalSection
	GlobalSection(ProjectConfigurationPlatforms) = postSolution
		{DFB5C587-B6E2-4CF5-A382-8ACCA59FCB01}.Debug|Any CPU.ActiveCfg = Debug|Any CPU
		{DFB5C587-B6E2-4CF5-A382-8ACCA59FCB01}.Debug|Any CPU.Build.0 = Debug|Any CPU
		{DFB5C587-B6E2-4CF5-A382-8ACCA59FCB01}.Release|Any CPU.ActiveCfg = Release|Any CPU
		{DFB5C587-B6E2-4CF5-A382-8ACCA59FCB01}.Release|Any CPU.Build.0 = Release|Any CPU
	EndGlobalSection
	GlobalSection(SolutionProperties) = preSolution
		HideSolutionNode = FALSE
	EndGlobalSection
EndGlobal
